Microsoft Visual Studio Solution File, Format Version 12.00
# Visual Studio Version 17
VisualStudioVersion = 17.5.2.0
MinimumVisualStudioVersion = 10.0.40219.1
Project("{2150E333-8FDC-42A3-9474-1A3956D46DE8}") = "tests", "tests", "{0AB3BF05-4346-4AA6-1389-037BE0695223}"
EndProject
Project("{2150E333-8FDC-42A3-9474-1A3956D46DE8}") = "src", "src", "{827E0CD3-B72D-47B6-A68D-7590B98EB39B}"
EndProject
Project("{FAE04EC0-301F-11D3-BF4B-00C04F79EFBC}") = "LedPortal.Tests", "tests\LedPortal.Tests\LedPortal.Tests.csproj", "{FBD306D7-C1F3-332F-0845-40C91AF652B7}"
EndProject
Project("{FAE04EC0-301F-11D3-BF4B-00C04F79EFBC}") = "LedPortal", "src\LedPortal\LedPortal.csproj", "{C626E7BD-BCE5-931B-EC11-664BEB5F5943}"
EndProject
Global
	GlobalSection(SolutionConfigurationPlatforms) = preSolution
		Debug|Any CPU = Debug|Any CPU
		Release|Any CPU = Release|Any CPU
	EndGlobalSection
	GlobalSection(ProjectConfigurationPlatforms) = postSolution
		{FBD306D7-C1F3-332F-0845-40C91AF652B7}.Debug|Any CPU.ActiveCfg = Debug|Any CPU
		{FBD306D7-C1F3-332F-0845-40C91AF652B7}.Debug|Any CPU.Build.0 = Debug|Any CPU
		{FBD306D7-C1F3-332F-0845-40C91AF652B7}.Release|Any CPU.ActiveCfg = Release|Any CPU
		{FBD306D7-C1F3-332F-0845-40C91AF652B7}.Release|Any CPU.Build.0 = Release|Any CPU
		{C626E7BD-BCE5-931B-EC11-664BEB5F5943}.Debug|Any CPU.ActiveCfg = Debug|Any CPU
		{C626E7BD-BCE5-931B-EC11-664BEB5F5943}.Debug|Any CPU.Build.0 = Debug|Any CPU
		{C626E7BD-BCE5-931B-EC11-664BEB5F5943}.Release|Any CPU.ActiveCfg = Release|Any CPU
		{C626E7BD-BCE5-931B-EC11-664BEB5F5943}.Release|Any CPU.Build.0 = Release|Any CPU
	EndGlobalSection
	GlobalSection(SolutionProperties) = preSolution
		HideSolutionNode = FALSE
	EndGlobalSection
	GlobalSection(NestedProjects) = preSolution
		{FBD306D7-C1F3-332F-0845-40C91AF652B7} = {0AB3BF05-4346-4AA6-1389-037BE0695223}
		{C626E7BD-BCE5-931B-EC11-664BEB5F5943} = {827E0CD3-B72D-47B6-A68D-7590B98EB39B}
	EndGlobalSection
	GlobalSection(ExtensibilityGlobals) = postSolution
		SolutionGuid = {08FD87EB-D54E-4590-A52C-DF3CEE1D134A}
	EndGlobalSection
EndGlobal
